
Microsoft Visual Studio Solution File, Format Version 12.00
# Visual Studio Version 16
VisualStudioVersion = 16.0.29403.142
MinimumVisualStudioVersion = 10.0.40219.1
Project("{FAE04EC0-301F-11D3-BF4B-00C04F79EFBC}") = "UnweightedGraph", "UnweightedGraph.csproj", "{5002BB9D-A6B6-4330-A1CC-628ED2920DAE}"
EndProject
Global
	GlobalSection(SolutionConfigurationPlatforms) = preSolution
		Debug|Any CPU = Debug|Any CPU
		Release|Any CPU = Release|Any CPU
	EndGlobalSection
	GlobalSection(ProjectConfigurationPlatforms) = postSolution
		{5002BB9D-A6B6-4330-A1CC-628ED2920DAE}.Debug|Any CPU.ActiveCfg = Debug|Any CPU
		{5002BB9D-A6B6-4330-A1CC-628ED2920DAE}.Debug|Any CPU.Build.0 = Debug|Any CPU
		{5002BB9D-A6B6-4330-A1CC-628ED2920DAE}.Release|Any CPU.ActiveCfg = Release|Any CPU
		{5002BB9D-A6B6-4330-A1CC-628ED2920DAE}.Release|Any CPU.Build.0 = Release|Any CPU
	EndGlobalSection
	GlobalSection(SolutionProperties) = preSolution
		HideSolutionNode = FALSE
	EndGlobalSection
	GlobalSection(ExtensibilityGlobals) = postSolution
		SolutionGuid = {724DD029-7D67-4144-8D42-A3788335C049}
	EndGlobalSection
EndGlobal
